
Microsoft Visual Studio Solution File, Format Version 12.00
# Visual Studio Version 17
VisualStudioVersion = 17.3.32819.101
MinimumVisualStudioVersion = 10.0.40219.1
Project("{FAE04EC0-301F-11D3-BF4B-00C04F79EFBC}") = "Clicker", "Clicker\Clicker.csproj", "{98A42D21-D79F-4A9C-A6C6-B4688FAB1348}"
EndProject
Global
	GlobalSection(SolutionConfigurationPlatforms) = preSolution
		Debug|Any CPU = Debug|Any CPU
		Release|Any CPU = Release|Any CPU
	EndGlobalSection
	GlobalSection(ProjectConfigurationPlatforms) = postSolution
		{98A42D21-D79F-4A9C-A6C6-B4688FAB1348}.Debug|Any CPU.ActiveCfg = Debug|Any CPU
		{98A42D21-D79F-4A9C-A6C6-B4688FAB1348}.Debug|Any CPU.Build.0 = Debug|Any CPU
		{98A42D21-D79F-4A9C-A6C6-B4688FAB1348}.Release|Any CPU.ActiveCfg = Release|Any CPU
		{98A42D21-D79F-4A9C-A6C6-B4688FAB1348}.Release|Any CPU.Build.0 = Release|Any CPU
	EndGlobalSection
	GlobalSection(SolutionProperties) = preSolution
		HideSolutionNode = FALSE
	EndGlobalSection
	GlobalSection(ExtensibilityGlobals) = postSolution
		SolutionGuid = {8019ABFC-033E-4139-A795-A7B787BBA5B1}
	EndGlobalSection
EndGlobal
